
Microsoft Visual Studio Solution File, Format Version 12.00
# Visual Studio Version 17
VisualStudioVersion = 17.4.33205.214
MinimumVisualStudioVersion = 10.0.40219.1
Project("{FAE04EC0-301F-11D3-BF4B-00C04F79EFBC}") = "School Management System1", "School Management System1.csproj", "{467D3F1F-AD01-4B09-8A00-CD2F10EF6C8D}"
EndProject
Global
	GlobalSection(SolutionConfigurationPlatforms) = preSolution
		Debug|Any CPU = Debug|Any CPU
		Release|Any CPU = Release|Any CPU
	EndGlobalSection
	GlobalSection(ProjectConfigurationPlatforms) = postSolution
		{467D3F1F-AD01-4B09-8A00-CD2F10EF6C8D}.Debug|Any CPU.ActiveCfg = Debug|Any CPU
		{467D3F1F-AD01-4B09-8A00-CD2F10EF6C8D}.Debug|Any CPU.Build.0 = Debug|Any CPU
		{467D3F1F-AD01-4B09-8A00-CD2F10EF6C8D}.Release|Any CPU.ActiveCfg = Release|Any CPU
		{467D3F1F-AD01-4B09-8A00-CD2F10EF6C8D}.Release|Any CPU.Build.0 = Release|Any CPU
	EndGlobalSection
	GlobalSection(SolutionProperties) = preSolution
		HideSolutionNode = FALSE
	EndGlobalSection
	GlobalSection(ExtensibilityGlobals) = postSolution
		SolutionGuid = {F96A6ABD-2C9E-4F14-827D-16F5869C1F7F}
	EndGlobalSection
EndGlobal
